
Microsoft Visual Studio Solution File, Format Version 12.00
# Visual Studio Version 17
VisualStudioVersion = 17.14.36202.13
MinimumVisualStudioVersion = 10.0.40219.1
Project("{FAE04EC0-301F-11D3-BF4B-00C04F79EFBC}") = "OrderOrchestrator.Api", "OrderOrchestrator.Api\OrderOrchestrator.Api.csproj", "{351CC2D0-FBBA-4FFA-95AF-9E0E3C4A70C9}"
EndProject
Project("{FAE04EC0-301F-11D3-BF4B-00C04F79EFBC}") = "OrderOrchestrator.Infrastructure", "OrderOrchestrator.Infrastructure\OrderOrchestrator.Infrastructure.csproj", "{24BD6E15-9C14-47D7-B2C7-22B9EB2222C7}"
EndProject
Project("{FAE04EC0-301F-11D3-BF4B-00C04F79EFBC}") = "OrderOrchestrator.Domain", "OrderOrchestrator.Domain\OrderOrchestrator.Domain.csproj", "{30318FDF-EE7D-4411-8FC5-5DC56743D5F8}"
EndProject
Global
	GlobalSection(SolutionConfigurationPlatforms) = preSolution
		Debug|Any CPU = Debug|Any CPU
		Release|Any CPU = Release|Any CPU
	EndGlobalSection
	GlobalSection(ProjectConfigurationPlatforms) = postSolution
		{351CC2D0-FBBA-4FFA-95AF-9E0E3C4A70C9}.Debug|Any CPU.ActiveCfg = Debug|Any CPU
		{351CC2D0-FBBA-4FFA-95AF-9E0E3C4A70C9}.Debug|Any CPU.Build.0 = Debug|Any CPU
		{351CC2D0-FBBA-4FFA-95AF-9E0E3C4A70C9}.Release|Any CPU.ActiveCfg = Release|Any CPU
		{351CC2D0-FBBA-4FFA-95AF-9E0E3C4A70C9}.Release|Any CPU.Build.0 = Release|Any CPU
		{24BD6E15-9C14-47D7-B2C7-22B9EB2222C7}.Debug|Any CPU.ActiveCfg = Debug|Any CPU
		{24BD6E15-9C14-47D7-B2C7-22B9EB2222C7}.Debug|Any CPU.Build.0 = Debug|Any CPU
		{24BD6E15-9C14-47D7-B2C7-22B9EB2222C7}.Release|Any CPU.ActiveCfg = Release|Any CPU
		{24BD6E15-9C14-47D7-B2C7-22B9EB2222C7}.Release|Any CPU.Build.0 = Release|Any CPU
		{30318FDF-EE7D-4411-8FC5-5DC56743D5F8}.Debug|Any CPU.ActiveCfg = Debug|Any CPU
		{30318FDF-EE7D-4411-8FC5-5DC56743D5F8}.Debug|Any CPU.Build.0 = Debug|Any CPU
		{30318FDF-EE7D-4411-8FC5-5DC56743D5F8}.Release|Any CPU.ActiveCfg = Release|Any CPU
		{30318FDF-EE7D-4411-8FC5-5DC56743D5F8}.Release|Any CPU.Build.0 = Release|Any CPU
	EndGlobalSection
	GlobalSection(SolutionProperties) = preSolution
		HideSolutionNode = FALSE
	EndGlobalSection
	GlobalSection(ExtensibilityGlobals) = postSolution
		SolutionGuid = {D24FA208-EF71-4996-B9FC-D7F09B2C92D9}
	EndGlobalSection
EndGlobal
